
Microsoft Visual Studio Solution File, Format Version 12.00
# Visual Studio Version 17
VisualStudioVersion = 17.14.37012.4 d17.14
MinimumVisualStudioVersion = 10.0.40219.1
Project("{FAE04EC0-301F-11D3-BF4B-00C04F79EFBC}") = "RandomQuranVerse", "RandomQuranVerse.csproj", "{852A2133-A0F5-4966-90DB-5AD0F4885896}"
EndProject
Global
	GlobalSection(SolutionConfigurationPlatforms) = preSolution
		Debug|Any CPU = Debug|Any CPU
		Release|Any CPU = Release|Any CPU
	EndGlobalSection
	GlobalSection(ProjectConfigurationPlatforms) = postSolution
		{852A2133-A0F5-4966-90DB-5AD0F4885896}.Debug|Any CPU.ActiveCfg = Debug|Any CPU
		{852A2133-A0F5-4966-90DB-5AD0F4885896}.Debug|Any CPU.Build.0 = Debug|Any CPU
		{852A2133-A0F5-4966-90DB-5AD0F4885896}.Release|Any CPU.ActiveCfg = Release|Any CPU
		{852A2133-A0F5-4966-90DB-5AD0F4885896}.Release|Any CPU.Build.0 = Release|Any CPU
	EndGlobalSection
	GlobalSection(SolutionProperties) = preSolution
		HideSolutionNode = FALSE
	EndGlobalSection
	GlobalSection(ExtensibilityGlobals) = postSolution
		SolutionGuid = {E04C61EF-B327-4A95-9E30-180FD01C3D39}
	EndGlobalSection
EndGlobal
